
Microsoft Visual Studio Solution File, Format Version 12.00
# Visual Studio Version 17
VisualStudioVersion = 17.0.32014.148
MinimumVisualStudioVersion = 10.0.40219.1
Project("{9A19103F-16F7-4668-BE54-9A1E7A4F7556}") = "HM.WebAPI", "HM-BE\HM.WebAPI.csproj", "{44E5F118-E289-4D20-94A3-BE70783D05B9}"
EndProject
Project("{9A19103F-16F7-4668-BE54-9A1E7A4F7556}") = "HM.DataAccess", "HM.DataAccess\HM.DataAccess.csproj", "{39DF465D-ACAB-4257-9809-CE6108C98873}"
EndProject
Project("{FAE04EC0-301F-11D3-BF4B-00C04F79EFBC}") = "HM.Services", "HM.Services\HM.Services.csproj", "{46ED2863-FE0C-4965-9BF2-A66EED2F2B2A}"
EndProject
Project("{FAE04EC0-301F-11D3-BF4B-00C04F79EFBC}") = "HM.Data", "HM.Data\HM.Data.csproj", "{DAC00AE7-0ABC-4A9F-B225-31BAC3AB9D9F}"
EndProject
Global
	GlobalSection(SolutionConfigurationPlatforms) = preSolution
		Debug|Any CPU = Debug|Any CPU
		Release|Any CPU = Release|Any CPU
	EndGlobalSection
	GlobalSection(ProjectConfigurationPlatforms) = postSolution
		{44E5F118-E289-4D20-94A3-BE70783D05B9}.Debug|Any CPU.ActiveCfg = Debug|Any CPU
		{44E5F118-E289-4D20-94A3-BE70783D05B9}.Debug|Any CPU.Build.0 = Debug|Any CPU
		{44E5F118-E289-4D20-94A3-BE70783D05B9}.Release|Any CPU.ActiveCfg = Release|Any CPU
		{44E5F118-E289-4D20-94A3-BE70783D05B9}.Release|Any CPU.Build.0 = Release|Any CPU
		{39DF465D-ACAB-4257-9809-CE6108C98873}.Debug|Any CPU.ActiveCfg = Debug|Any CPU
		{39DF465D-ACAB-4257-9809-CE6108C98873}.Debug|Any CPU.Build.0 = Debug|Any CPU
		{39DF465D-ACAB-4257-9809-CE6108C98873}.Release|Any CPU.ActiveCfg = Release|Any CPU
		{39DF465D-ACAB-4257-9809-CE6108C98873}.Release|Any CPU.Build.0 = Release|Any CPU
		{46ED2863-FE0C-4965-9BF2-A66EED2F2B2A}.Debug|Any CPU.ActiveCfg = Debug|Any CPU
		{46ED2863-FE0C-4965-9BF2-A66EED2F2B2A}.Debug|Any CPU.Build.0 = Debug|Any CPU
		{46ED2863-FE0C-4965-9BF2-A66EED2F2B2A}.Release|Any CPU.ActiveCfg = Release|Any CPU
		{46ED2863-FE0C-4965-9BF2-A66EED2F2B2A}.Release|Any CPU.Build.0 = Release|Any CPU
		{DAC00AE7-0ABC-4A9F-B225-31BAC3AB9D9F}.Debug|Any CPU.ActiveCfg = Debug|Any CPU
		{DAC00AE7-0ABC-4A9F-B225-31BAC3AB9D9F}.Debug|Any CPU.Build.0 = Debug|Any CPU
		{DAC00AE7-0ABC-4A9F-B225-31BAC3AB9D9F}.Release|Any CPU.ActiveCfg = Release|Any CPU
		{DAC00AE7-0ABC-4A9F-B225-31BAC3AB9D9F}.Release|Any CPU.Build.0 = Release|Any CPU
	EndGlobalSection
	GlobalSection(SolutionProperties) = preSolution
		HideSolutionNode = FALSE
	EndGlobalSection
	GlobalSection(ExtensibilityGlobals) = postSolution
		SolutionGuid = {85EC9A5C-7C92-4D91-B6BD-0F3429D8E1AC}
	EndGlobalSection
EndGlobal
